
Microsoft Visual Studio Solution File, Format Version 12.00
# Visual Studio Version 17
VisualStudioVersion = 17.7.34009.444
MinimumVisualStudioVersion = 10.0.40219.1
Project("{FAE04EC0-301F-11D3-BF4B-00C04F79EFBC}") = "pr1_sagirov", "pr1_sagirov.csproj", "{FF8467BF-FF36-4FFF-B4A7-D5E017C4B1E6}"
EndProject
Global
	GlobalSection(SolutionConfigurationPlatforms) = preSolution
		Debug|Any CPU = Debug|Any CPU
		Release|Any CPU = Release|Any CPU
	EndGlobalSection
	GlobalSection(ProjectConfigurationPlatforms) = postSolution
		{FF8467BF-FF36-4FFF-B4A7-D5E017C4B1E6}.Debug|Any CPU.ActiveCfg = Debug|Any CPU
		{FF8467BF-FF36-4FFF-B4A7-D5E017C4B1E6}.Debug|Any CPU.Build.0 = Debug|Any CPU
		{FF8467BF-FF36-4FFF-B4A7-D5E017C4B1E6}.Release|Any CPU.ActiveCfg = Release|Any CPU
		{FF8467BF-FF36-4FFF-B4A7-D5E017C4B1E6}.Release|Any CPU.Build.0 = Release|Any CPU
	EndGlobalSection
	GlobalSection(SolutionProperties) = preSolution
		HideSolutionNode = FALSE
	EndGlobalSection
	GlobalSection(ExtensibilityGlobals) = postSolution
		SolutionGuid = {5C9316FE-B8AF-48A6-8649-60F90828F37A}
	EndGlobalSection
EndGlobal
